<?xml version="1.0" encoding="utf-8"?>
<Project ToolsVersion="4.0" xmlns="http://schemas.microsoft.com/developer/msbuild/2003">
  <ItemGroup>
    <Filter Include="win32">
      <UniqueIdentifier>{84a8ebd7-7cf0-47f6-b75e-d441df67da40}</UniqueIdentifier>
    </Filter>
    <Filter Include="resource">
      <UniqueIdentifier>{715254bc-d70b-4ec5-bf29-467dd3ace079}</UniqueIdentifier>
    </Filter>
    <Filter Include="src">
      <UniqueIdentifier>{bb6c862e-70e9-49d9-81b7-3829a6f50471}</UniqueIdentifier>
    </Filter>
    <Filter Include="src\App">
      <UniqueIdentifier>{0bf78c6b-515c-4c95-a0b9-2c9f7a8b0aa7}</UniqueIdentifier>
    </Filter>
    <Filter Include="src\Animals">
      <UniqueIdentifier>{7c078dd6-4e1c-47b0-9a31-6fbc9cf38d6c}</UniqueIdentifier>
    </Filter>
    <Filter Include="src\Farming">
      <UniqueIdentifier>{a5cd6938-9f64-44a8-9a96-0b7f558bf61c}</UniqueIdentifier>
    </Filter>
    <Filter Include="src\Inventory">
      <UniqueIdentifier>{d5d318f5-0998-4eeb-9349-2dd42e529fce}</UniqueIdentifier>
    </Filter>
    <Filter Include="src\Scenes">
      <UniqueIdentifier>{7be14e67-5f9f-46f0-85bd-3a1c784fb5b0}</UniqueIdentifier>
    </Filter>
    <Filter Include="src\Systems">
      <UniqueIdentifier>{0c8deac8-4f54-44e4-8fa0-08fefb22f87c}</UniqueIdentifier>
    </Filter>
    <Filter Include="src\World">
      <UniqueIdentifier>{7dbd6a2f-2a05-4b4c-8c61-6bc2ce1ad61e}</UniqueIdentifier>
    </Filter>
    <Filter Include="src\Characters">
      <UniqueIdentifier>{e4102baa-723c-4289-bae5-7eb5b5491f77}</UniqueIdentifier>
    </Filter>
  </ItemGroup>
  <ItemGroup>
    <ClCompile Include="..\Classes\Animals\Animal.cpp">
      <Filter>src\Animals</Filter>
    </ClCompile>
    <ClCompile Include="..\Classes\Animals\AnimalManager.cpp">
      <Filter>src\Animals</Filter>
    </ClCompile>
    <ClCompile Include="..\Classes\App\AppDelegate.cpp">
      <Filter>src\App</Filter>
    </ClCompile>
    <ClCompile Include="..\Classes\App\Main.cpp">
      <Filter>src\App</Filter>
    </ClCompile>
    <ClCompile Include="..\Classes\Farming\Crop.cpp">
      <Filter>src\Farming</Filter>
    </ClCompile>
    <ClCompile Include="..\Classes\Inventory\ItemFactory.cpp">
      <Filter>src\Inventory</Filter>
    </ClCompile>
    <ClCompile Include="..\Classes\Inventory\ToolFactory.cpp">  
      <Filter>src\Inventory</Filter> 
    </ClCompile>
    <ClCompile Include="..\Classes\Inventory\Chest.cpp">
      <Filter>src\Inventory</Filter>
    </ClCompile>
    <ClCompile Include="..\Classes\Inventory\Item.cpp">
      <Filter>src\Inventory</Filter>
    </ClCompile>
    <ClCompile Include="..\Classes\Inventory\ItemManager.cpp">
      <Filter>src\Inventory</Filter>
    </ClCompile>
    <ClCompile Include="..\Classes\Inventory\Tool.cpp">
      <Filter>src\Inventory</Filter>
    </ClCompile>
    <ClCompile Include="..\Classes\Inventory\ToolBehavior.cpp">
      <Filter>src\Inventory</Filter>
    </ClCompile>
    <ClCompile Include="..\Classes\Inventory\ToolManager.cpp">
      <Filter>src\Inventory</Filter>
    </ClCompile>
    <ClCompile Include="..\Classes\Scenes\CreateErrorScene.cpp">
      <Filter>src\Scenes</Filter>
    </ClCompile>
    <ClCompile Include="..\Classes\Scenes\GameScene.cpp">
      <Filter>src\Scenes</Filter>
    </ClCompile>
    <ClCompile Include="..\Classes\Scenes\LoadingScene.cpp">
      <Filter>src\Scenes</Filter>
    </ClCompile>
    <ClCompile Include="..\Classes\Scenes\MenuScene.cpp">
      <Filter>src\Scenes</Filter>
    </ClCompile>
    <ClCompile Include="..\Classes\Scenes\NewSelectScene.cpp">
      <Filter>src\Scenes</Filter>
    </ClCompile>
    <ClCompile Include="..\Classes\Scenes\SaveSelectScene.cpp">
      <Filter>src\Scenes</Filter>
    </ClCompile>
    <ClCompile Include="..\Classes\Systems\UIManager.cpp">
      <Filter>src\Systems</Filter>
    </ClCompile>
    <ClCompile Include="..\Classes\World\Map.cpp">
      <Filter>src\World</Filter>
    </ClCompile>
    <ClCompile Include="..\Classes\Farming\States.cpp">
      <Filter>src\Farming</Filter>
    </ClCompile>
    <ClCompile Include="..\Classes\Characters\Abigail.cpp">
      <Filter>src\Characters</Filter>
    </ClCompile>
    <ClCompile Include="..\Classes\Characters\Elliott.cpp">
      <Filter>src\Characters</Filter>
    </ClCompile>
    <ClCompile Include="..\Classes\Characters\npcTemplate.cpp">
      <Filter>src\Characters</Filter>
    </ClCompile>
    <ClCompile Include="..\Classes\Characters\Player.cpp">
      <Filter>src\Characters</Filter>
    </ClCompile>
    <ClCompile Include="..\Classes\Characters\Sam.cpp">
      <Filter>src\Characters</Filter>
    </ClCompile>
    <ClCompile Include="..\Classes\Characters\Shane.cpp">
      <Filter>src\Characters</Filter>
    </ClCompile>
    <ClCompile Include="..\Classes\App\SceneRouter.cpp" />
    <ClCompile Include="..\Classes\App\AudioService.cpp" />
    <ClCompile Include="..\Classes\App\SceneUIFacade.cpp" />
  </ItemGroup>
  <ItemGroup>
    <ClInclude Include="..\Classes\Animals\Animal.h">
      <Filter>src\Animals</Filter>
    </ClInclude>
    <ClInclude Include="..\Classes\Animals\AnimalManager.h">
      <Filter>src\Animals</Filter>
    </ClInclude>
    <ClInclude Include="..\Classes\App\AppDelegate.h">
      <Filter>src\App</Filter>
    </ClInclude>
    <ClInclude Include="..\Classes\App\Constant.h">
      <Filter>src\App</Filter>
    </ClInclude>
    <ClInclude Include="..\Classes\App\Main.h">
      <Filter>src\App</Filter>
    </ClInclude>
    <ClInclude Include="..\Classes\App\Resource.h">
      <Filter>src\App</Filter>
    </ClInclude>
    <ClInclude Include="..\Classes\App\ScaleSpriteToReference.h">
      <Filter>src\App</Filter>
    </ClInclude>
    <ClInclude Include="..\Classes\Farming\Crop.h">
      <Filter>src\Farming</Filter>
    </ClInclude>
    <ClInclude Include="..\Classes\Inventory\Chest.h">
      <Filter>src\Inventory</Filter>
    </ClInclude>
    <ClInclude Include="..\Classes\Inventory\Item.h">
      <Filter>src\Inventory</Filter>
    </ClInclude>
    <ClInclude Include="..\Classes\Inventory\ItemManager.h">
      <Filter>src\Inventory</Filter>
    </ClInclude>
    <ClInclude Include="..\Classes\Inventory\Tool.h">
      <Filter>src\Inventory</Filter>
    </ClInclude>
    <ClInclude Include="..\Classes\Inventory\ToolBehavior.h">
      <Filter>src\Inventory</Filter>
    </ClInclude>
    <ClInclude Include="..\Classes\Inventory\ToolManager.h">
      <Filter>src\Inventory</Filter>
    </ClInclude>
    <ClInclude Include="..\Classes\Scenes\CreateErrorScene.h">
      <Filter>src\Scenes</Filter>
    </ClInclude>
    <ClInclude Include="..\Classes\Scenes\GameScene.h">
      <Filter>src\Scenes</Filter>
    </ClInclude>
    <ClInclude Include="..\Classes\Scenes\LoadingScene.h">
      <Filter>src\Scenes</Filter>
    </ClInclude>
    <ClInclude Include="..\Classes\Scenes\MenuScene.h">
      <Filter>src\Scenes</Filter>
    </ClInclude>
    <ClInclude Include="..\Classes\Scenes\NewSelectScene.h">
      <Filter>src\Scenes</Filter>
    </ClInclude>
    <ClInclude Include="..\Classes\Scenes\SaveSelectScene.h">
      <Filter>src\Scenes</Filter>
    </ClInclude>
    <ClInclude Include="..\Classes\Systems\UIManager.h">
      <Filter>src\Systems</Filter>
    </ClInclude>
    <ClInclude Include="..\Classes\World\Map.h">
      <Filter>src\World</Filter>
    </ClInclude>
    <ClInclude Include="..\Classes\Farming\CropState.h">
      <Filter>src\Farming</Filter>
    </ClInclude>
    <ClInclude Include="..\Classes\Characters\Abigail.h">
      <Filter>src\Characters</Filter>
    </ClInclude>
    <ClInclude Include="..\Classes\Characters\Elliott.h">
      <Filter>src\Characters</Filter>
    </ClInclude>
    <ClInclude Include="..\Classes\Characters\npcTemplate.h">
      <Filter>src\Characters</Filter>
    </ClInclude>
    <ClInclude Include="..\Classes\Characters\Player.h">
      <Filter>src\Characters</Filter>
    </ClInclude>
    <ClInclude Include="..\Classes\Characters\Sam.h">
      <Filter>src\Characters</Filter>
    </ClInclude>
    <ClInclude Include="..\Classes\Characters\Shane.h">
      <Filter>src\Characters</Filter>
    </ClInclude>
    <ClInclude Include="..\Classes\Inventory\ItemFactory.h" />
    <ClInclude Include="..\Classes\App\SceneRouter.h" />
    <ClInclude Include="..\Classes\App\AudioService.h" />
    <ClInclude Include="..\Classes\App\SceneUIFacade.h" />
  </ItemGroup>
  <ItemGroup>
    <ResourceCompile Include="game.rc">
      <Filter>resource</Filter>
    </ResourceCompile>
  </ItemGroup>
</Project>